[[package]]
name = "atomicwrites"
version = "1.4.0"
description = "Atomic file writes."
category = "dev"
optional = false
python-versions = ">=2.7, !=3.0.*, !=3.1.*, !=3.2.*, !=3.3.*"

[[package]]
name = "attrs"
version = "20.3.0"
description = "Classes Without Boilerplate"
category = "dev"
optional = false
python-versions = ">=2.7, !=3.0.*, !=3.1.*, !=3.2.*, !=3.3.*"

[package.extras]
dev = ["coverage[toml] (>=5.0.2)", "hypothesis", "pympler", "pytest (>=4.3.0)", "six", "zope.interface", "furo", "sphinx", "pre-commit"]
docs = ["furo", "sphinx", "zope.interface"]
tests = ["coverage[toml] (>=5.0.2)", "hypothesis", "pympler", "pytest (>=4.3.0)", "six", "zope.interface"]
tests_no_zope = ["coverage[toml] (>=5.0.2)", "hypothesis", "pympler", "pytest (>=4.3.0)", "six"]

[[package]]
name = "colorama"
version = "0.4.4"
description = "Cross-platform colored terminal text."
category = "dev"
optional = false
python-versions = ">=2.7, !=3.0.*, !=3.1.*, !=3.2.*, !=3.3.*, !=3.4.*"

[[package]]
name = "grpcio"
version = "1.34.1"
description = "HTTP/2-based RPC framework"
category = "main"
optional = false
python-versions = "*"

[package.dependencies]
six = ">=1.5.2"

[package.extras]
protobuf = ["grpcio-tools (>=1.34.1)"]

[[package]]
name = "grpcio-tools"
version = "1.34.1"
description = "Protobuf code generator for gRPC"
category = "main"
optional = false
python-versions = "*"

[package.dependencies]
grpcio = ">=1.34.1"
protobuf = ">=3.5.0.post1,<4.0dev"

[[package]]
name = "more-itertools"
version = "8.6.0"
description = "More routines for operating on iterables, beyond itertools"
category = "dev"
optional = false
python-versions = ">=3.5"

[[package]]
name = "packaging"
version = "20.8"
description = "Core utilities for Python packages"
category = "dev"
optional = false
python-versions = ">=2.7, !=3.0.*, !=3.1.*, !=3.2.*, !=3.3.*"

[package.dependencies]
pyparsing = ">=2.0.2"

[[package]]
name = "pluggy"
version = "0.13.1"
description = "plugin and hook calling mechanisms for python"
category = "dev"
optional = false
python-versions = ">=2.7, !=3.0.*, !=3.1.*, !=3.2.*, !=3.3.*"

[package.extras]
dev = ["pre-commit", "tox"]

[[package]]
name = "protobuf"
version = "3.14.0"
description = "Protocol Buffers"
category = "main"
optional = false
python-versions = "*"

[package.dependencies]
six = ">=1.9"

[[package]]
name = "py"
version = "1.10.0"
description = "library with cross-python path, ini-parsing, io, code, log facilities"
category = "dev"
optional = false
python-versions = ">=2.7, !=3.0.*, !=3.1.*, !=3.2.*, !=3.3.*"

[[package]]
name = "pyparsing"
version = "2.4.7"
description = "Python parsing module"
category = "dev"
optional = false
python-versions = ">=2.6, !=3.0.*, !=3.1.*, !=3.2.*"

[[package]]
name = "pytest"
version = "5.4.3"
description = "pytest: simple powerful testing with Python"
category = "dev"
optional = false
python-versions = ">=3.5"

[package.dependencies]
atomicwrites = {version = ">=1.0", markers = "sys_platform == \"win32\""}
attrs = ">=17.4.0"
colorama = {version = "*", markers = "sys_platform == \"win32\""}
more-itertools = ">=4.0.0"
packaging = "*"
pluggy = ">=0.12,<1.0"
py = ">=1.5.0"
wcwidth = "*"

[package.extras]
checkqa-mypy = ["mypy (==v0.761)"]
testing = ["argcomplete", "hypothesis (>=3.56)", "mock", "nose", "requests", "xmlschema"]

[[package]]
name = "six"
version = "1.15.0"
description = "Python 2 and 3 compatibility utilities"
category = "main"
optional = false
python-versions = ">=2.7, !=3.0.*, !=3.1.*, !=3.2.*"

[[package]]
name = "wcwidth"
version = "0.2.5"
description = "Measures the displayed width of unicode strings in a terminal"
category = "dev"
optional = false
python-versions = "*"

[metadata]
lock-version = "1.1"
python-versions = "^3.9"
content-hash = "68cc218ba3e1c62e432c48e0bbeb8e75dac7d8ccdc8ad017c82a91b4dfd315b5"

[metadata.files]
atomicwrites = [
    {file = "atomicwrites-1.4.0-py2.py3-none-any.whl", hash = "sha256:6d1784dea7c0c8d4a5172b6c620f40b6e4cbfdf96d783691f2e1302a7b88e197"},
    {file = "atomicwrites-1.4.0.tar.gz", hash = "sha256:ae70396ad1a434f9c7046fd2dd196fc04b12f9e91ffb859164193be8b6168a7a"},
]
attrs = [
    {file = "attrs-20.3.0-py2.py3-none-any.whl", hash = "sha256:31b2eced602aa8423c2aea9c76a724617ed67cf9513173fd3a4f03e3a929c7e6"},
    {file = "attrs-20.3.0.tar.gz", hash = "sha256:832aa3cde19744e49938b91fea06d69ecb9e649c93ba974535d08ad92164f700"},
]
colorama = [
    {file = "colorama-0.4.4-py2.py3-none-any.whl", hash = "sha256:9f47eda37229f68eee03b24b9748937c7dc3868f906e8ba69fbcbdd3bc5dc3e2"},
    {file = "colorama-0.4.4.tar.gz", hash = "sha256:5941b2b48a20143d2267e95b1c2a7603ce057ee39fd88e7329b0c292aa16869b"},
]
grpcio = [
    {file = "grpcio-1.34.1-cp27-cp27m-macosx_10_10_x86_64.whl", hash = "sha256:5c4402fd8ce28e2847112105591139dc121c8980770f683eb781be1568a64097"},
    {file = "grpcio-1.34.1-cp27-cp27m-manylinux2010_i686.whl", hash = "sha256:c6f756c11144c7ecb51b87f0d60a4b72e05635b9f24ddfa004286ab0c8527fa0"},
    {file = "grpcio-1.34.1-cp27-cp27m-manylinux2010_x86_64.whl", hash = "sha256:ec6d1b3daed886a73e40b4dc553474ef415acc111e913d7324cc2c6b0ba9efe0"},
    {file = "grpcio-1.34.1-cp27-cp27m-win32.whl", hash = "sha256:d757bc8bb12f07014dde55a04b5261c94828b605cf0726d02d491c3dc71aa6bb"},
    {file = "grpcio-1.34.1-cp27-cp27m-win_amd64.whl", hash = "sha256:f74cb93cd090b07528cf586a18628370e5780c08e0239f4af796f60a5e773568"},
    {file = "grpcio-1.34.1-cp27-cp27mu-linux_armv7l.whl", hash = "sha256:c4355fa382dfc71c130dc3eccd8ae606a13e1729be2a77b6c44cd5a130d0c616"},
    {file = "grpcio-1.34.1-cp27-cp27mu-manylinux2010_i686.whl", hash = "sha256:f1a8048428a7a1e5b12322b3ee44ee0bb8e1bea1d67f08fa1813c455f3ef638c"},
    {file = "grpcio-1.34.1-cp27-cp27mu-manylinux2010_x86_64.whl", hash = "sha256:0bd906496b9dd3751b9e5cacc7ceb25a57c16ce2aa67315b85ee86a4ba7246f1"},
    {file = "grpcio-1.34.1-cp35-cp35m-linux_armv7l.whl", hash = "sha256:5e488a40ebeb883117aa0dba2cea410ef2ab545a2403b2ac9101e62d42808c71"},
    {file = "grpcio-1.34.1-cp35-cp35m-macosx_10_10_intel.whl", hash = "sha256:98c06f0f7feeca736cc98f3f46b9b74c5f5fdc5febfc7d72728d1895c57be87f"},
    {file = "grpcio-1.34.1-cp35-cp35m-manylinux2010_i686.whl", hash = "sha256:90a4799c15b8b5aa587f65650a0cea28ea88bcd2c5fdf4f1adb2b8b7b4e77a5e"},
    {file = "grpcio-1.34.1-cp35-cp35m-manylinux2010_x86_64.whl", hash = "sha256:121af89d0b9ba1d47c738242783675009dd4e9067359481e4b743eb9e5886682"},
    {file = "grpcio-1.34.1-cp35-cp35m-manylinux2014_i686.whl", hash = "sha256:1be193803c706f78d0df12c817eaf2415fb4d39472fa00d860700e6c7a99f8f7"},
    {file = "grpcio-1.34.1-cp35-cp35m-manylinux2014_x86_64.whl", hash = "sha256:9e465a1d594a9a5f4252c4abbb93909c42768bee5fbfcd18098d60bf06a35573"},
    {file = "grpcio-1.34.1-cp35-cp35m-win32.whl", hash = "sha256:8b16d14160b7fd8bc43600be70e0da677d17dd8aafb5a258bbda996fe410320e"},
    {file = "grpcio-1.34.1-cp35-cp35m-win_amd64.whl", hash = "sha256:8a543209ab606dd55c58dc218be8e8619214607f03717dded78c7d27f1d05ba5"},
    {file = "grpcio-1.34.1-cp36-cp36m-linux_armv7l.whl", hash = "sha256:f74f270550df347a18f839331f84838b938c8923a9e13a6fa7cc69c79087a686"},
    {file = "grpcio-1.34.1-cp36-cp36m-macosx_10_10_x86_64.whl", hash = "sha256:163a2cf7f4df3ff0a04f49e634526e3d88f02393a7ebf8f34a2134c88b06322e"},
    {file = "grpcio-1.34.1-cp36-cp36m-manylinux2010_i686.whl", hash = "sha256:11735ac4efd53691afeb36d006e20db9b7d4b6f3356c751f32d5747aee38fa4c"},
    {file = "grpcio-1.34.1-cp36-cp36m-manylinux2010_x86_64.whl", hash = "sha256:79bda20756e2fc7236b94468ffcce4b516953f946a80b7ea883f89d9e9b25a41"},
    {file = "grpcio-1.34.1-cp36-cp36m-manylinux2014_i686.whl", hash = "sha256:1857f88b351e2382aa57ed892960361a8b71acca4aa1b90998007b4177f15114"},
    {file = "grpcio-1.34.1-cp36-cp36m-manylinux2014_x86_64.whl", hash = "sha256:6f81fbf9f830e20aee93480305877f73f15bfa58fa87433eb331696be47ae7ba"},
    {file = "grpcio-1.34.1-cp36-cp36m-win32.whl", hash = "sha256:ff8aef869c2e9de65c3a693406f7d1200d87e6d541d096eae69f98e7f301fa60"},
    {file = "grpcio-1.34.1-cp36-cp36m-win_amd64.whl", hash = "sha256:ece7459c182e00ca90b2e5823940a552651b5eb3acdeee9350377ddb44d9c412"},
    {file = "grpcio-1.34.1-cp37-cp37m-macosx_10_10_x86_64.whl", hash = "sha256:7924ef3a898f6ff985540ee5d8c7554f0c925dc7668c3d63461600ea50b39658"},
    {file = "grpcio-1.34.1-cp37-cp37m-manylinux2010_i686.whl", hash = "sha256:b5e96ca83d5c34c9b60d8951e52492b0d9d072c3fe38a1c19765932e121036ce"},
    {file = "grpcio-1.34.1-cp37-cp37m-manylinux2010_x86_64.whl", hash = "sha256:fe9360347a3f4f2ec6923d8afb03a9194f3f14e054cb09e75e8346af9c0aa9f6"},
    {file = "grpcio-1.34.1-cp37-cp37m-manylinux2014_i686.whl", hash = "sha256:cadc09c9bd24ecf3ba7ae55b5a741f7de694a8843e97e82a7c3fa2e6e81e0f9a"},
    {file = "grpcio-1.34.1-cp37-cp37m-manylinux2014_x86_64.whl", hash = "sha256:5971e6dfcfa0ebeb0df2d15383e1b53fa36208198c8aff9a4eed5ece2a6d4571"},
    {file = "grpcio-1.34.1-cp37-cp37m-win32.whl", hash = "sha256:a181092b534e996e36d0c0216d81280d4942322170c823b2fb84ec4597dc0bd5"},
    {file = "grpcio-1.34.1-cp37-cp37m-win_amd64.whl", hash = "sha256:2b97cdd4582445ad7bd441f5f3c57d838bcdc518a05713dab0c7f4b945afb39e"},
    {file = "grpcio-1.34.1-cp38-cp38-macosx_10_10_x86_64.whl", hash = "sha256:ff760c5ce73c177851864e8caaf75467eaf06c1b6857b21e1789658375e720fb"},
    {file = "grpcio-1.34.1-cp38-cp38-manylinux2010_i686.whl", hash = "sha256:fd58ea88dd5439e03c6587f0b672db1627ec8ed47be312c74632650dfed33c2e"},
    {file = "grpcio-1.34.1-cp38-cp38-manylinux2010_x86_64.whl", hash = "sha256:f6fee4445cffb45593b4c1d9bb0bc7922e77ec846a1237e2e744b1223d69c863"},
    {file = "grpcio-1.34.1-cp38-cp38-manylinux2014_i686.whl", hash = "sha256:cd4da71e105088b1a7e629d1b033f16d87dec08524d0e4f5d77982af6fe1b6c2"},
    {file = "grpcio-1.34.1-cp38-cp38-manylinux2014_x86_64.whl", hash = "sha256:9d43849d8925ec24bf121bccd941a13d4e8c2cffdfa769a04a6d4ed38c6b88a2"},
    {file = "grpcio-1.34.1-cp38-cp38-win32.whl", hash = "sha256:696f0de4d47f738063432bbbcecd07f78256864f0839e41369458421f539f00a"},
    {file = "grpcio-1.34.1-cp38-cp38-win_amd64.whl", hash = "sha256:8fff784ec5d12252a7cc0ab6f1a3206861b94e45ee0ebeba2439bd10a6db2f1a"},
    {file = "grpcio-1.34.1-cp39-cp39-macosx_10_10_x86_64.whl", hash = "sha256:ed8ac4f76cbbef5dc54594cb7bf6fbb985f5be66abcb1f9da8142500e4d76492"},
    {file = "grpcio-1.34.1-cp39-cp39-manylinux2010_i686.whl", hash = "sha256:8dad4184e4669672e126de26776eba8e3db4914660b4a0a6c7edbdbcf3e2f05f"},
    {file = "grpcio-1.34.1-cp39-cp39-manylinux2010_x86_64.whl", hash = "sha256:011e9b5e47cb9d2a808e8c2dd5ae86df085d5879d9e8095a24631a32c577f231"},
    {file = "grpcio-1.34.1-cp39-cp39-manylinux2014_i686.whl", hash = "sha256:49ffc5bb78b201db24d8d1644193beb50a896c3cb35b259b4fb9c44dba18585f"},
    {file = "grpcio-1.34.1-cp39-cp39-manylinux2014_x86_64.whl", hash = "sha256:cfe0e015cb8db5a27a92621fdd9dc8e69b2f7130db326601802e6ff36626deff"},
    {file = "grpcio-1.34.1-cp39-cp39-win32.whl", hash = "sha256:809732f300fa8093b40f843c36f6f78423ffb40493098185bc4a96bd67126db5"},
    {file = "grpcio-1.34.1-cp39-cp39-win_amd64.whl", hash = "sha256:96dc85c059f15390beb7ac6bf075d1e4cf72e8f5c9b6c37ea179b7cc579816fd"},
    {file = "grpcio-1.34.1.tar.gz", hash = "sha256:1c746a3cd8a830d8d916a9d0476a786aaa98c5cc2a096344af2be955e439f8ac"},
]
grpcio-tools = [
    {file = "grpcio-tools-1.34.1.tar.gz", hash = "sha256:b411f36748f4ead33411544d785e37825598bbb8abbe79eca422e395be5a3d08"},
    {file = "grpcio_tools-1.34.1-cp27-cp27m-macosx_10_10_x86_64.whl", hash = "sha256:ae879f66da999b2aea89e211eb7c2251898594baf08d960c3a35efe44f094155"},
    {file = "grpcio_tools-1.34.1-cp27-cp27m-manylinux2010_i686.whl", hash = "sha256:a05aa9381d01625c7309ebb04c0f7a9fb9e90bdb5fbbcb66d09bd8d4be29f73c"},
    {file = "grpcio_tools-1.34.1-cp27-cp27m-manylinux2010_x86_64.whl", hash = "sha256:c41797cdc31be6ec8a247bdfd91a9fb848cb6fec5d2febe99d726fbbbb58b9de"},
    {file = "grpcio_tools-1.34.1-cp27-cp27m-win32.whl", hash = "sha256:3d3075c6a0b6853119852864565ed1ec1fe4342eec855a1c8616182d391abbd0"},
    {file = "grpcio_tools-1.34.1-cp27-cp27m-win_amd64.whl", hash = "sha256:e6c116efb23b365d1aef6b6091276155291f9bbbad6df7abb150c28e173c3e89"},
    {file = "grpcio_tools-1.34.1-cp27-cp27mu-linux_armv7l.whl", hash = "sha256:541b47481cf568020c310fe432f5329b8ff62ee36a66d257be7158ab750e7441"},
    {file = "grpcio_tools-1.34.1-cp27-cp27mu-manylinux2010_i686.whl", hash = "sha256:491cb87d7aab577231773c2217bcec7775907a2f04b387c7c7521c2203e1d504"},
    {file = "grpcio_tools-1.34.1-cp27-cp27mu-manylinux2010_x86_64.whl", hash = "sha256:7372e3dc8499c45d6f02023a1990ed54e8e58d6b126c2b0f16e17099eeb683d6"},
    {file = "grpcio_tools-1.34.1-cp35-cp35m-linux_armv7l.whl", hash = "sha256:f8019f92b505c5c033c3d1f4f9c2df2f457a0e9ae3fff04d3b1d298de83cb064"},
    {file = "grpcio_tools-1.34.1-cp35-cp35m-macosx_10_10_intel.whl", hash = "sha256:8fc5dada36f7421c0f40084d109985f5120b50621ce33bdd338d31fac35d04d3"},
    {file = "grpcio_tools-1.34.1-cp35-cp35m-manylinux2010_i686.whl", hash = "sha256:6cb5c203b33efbe793894b56dcd93634471f1b293c509c5a20bd955d4a6ca913"},
    {file = "grpcio_tools-1.34.1-cp35-cp35m-manylinux2010_x86_64.whl", hash = "sha256:fca54266ff5454a0691e529f80f2825a27a62deff3b17818d7354ac90bc6549e"},
    {file = "grpcio_tools-1.34.1-cp35-cp35m-manylinux2014_i686.whl", hash = "sha256:e06441f7788085b5937bcec8bc849ff02b297cd0b54b9bdf870c593a3e6ed8e6"},
    {file = "grpcio_tools-1.34.1-cp35-cp35m-manylinux2014_x86_64.whl", hash = "sha256:b40ca7aa75e1ea8e3d1ddc9c0728017326e64ace11a02a6b7ffdecc264b81e03"},
    {file = "grpcio_tools-1.34.1-cp35-cp35m-win32.whl", hash = "sha256:5cc21261187fc5fa2102362ad220f0885882dc85da2a085bbc192618258b7c88"},
    {file = "grpcio_tools-1.34.1-cp35-cp35m-win_amd64.whl", hash = "sha256:097b50e2ad23238417e7337f04427a7cb5288a33491fbaf5cf926adbd870f1b4"},
    {file = "grpcio_tools-1.34.1-cp36-cp36m-linux_armv7l.whl", hash = "sha256:5c8af80e506537accfd748711e9c602e26c9003389ec172e30e7968588fe0fdf"},
    {file = "grpcio_tools-1.34.1-cp36-cp36m-macosx_10_10_x86_64.whl", hash = "sha256:3c4ec76aeeb042e537292c1dd886d4cdd983e432fa2292b1637cffa9527284e8"},
    {file = "grpcio_tools-1.34.1-cp36-cp36m-manylinux2010_i686.whl", hash = "sha256:bdd9a42b1583a59893cbe04c0acfa0ed7aef87ec8f8bd75da6ddd624bd3c6833"},
    {file = "grpcio_tools-1.34.1-cp36-cp36m-manylinux2010_x86_64.whl", hash = "sha256:1b7003faf36ffdacca6df6c67dc96f1b7cb1bea17225bed304b2a1b4d0c893c4"},
    {file = "grpcio_tools-1.34.1-cp36-cp36m-manylinux2014_i686.whl", hash = "sha256:bfbf869891f41b3eaea8ed9870238bb59e5218bde95f2ee4472c87c78c15d82f"},
    {file = "grpcio_tools-1.34.1-cp36-cp36m-manylinux2014_x86_64.whl", hash = "sha256:3c68c18e76b5494f39a7ff5a6a4bef1647de2dc28e7cb2cf865eaa94b95bf299"},
    {file = "grpcio_tools-1.34.1-cp36-cp36m-win32.whl", hash = "sha256:c32e92110e930e28dd3100958fba26fa8abdab4dde5dd665c7b7a2f6584d40f0"},
    {file = "grpcio_tools-1.34.1-cp36-cp36m-win_amd64.whl", hash = "sha256:cd092f157a1c4cf5dea498b2af9f991d376878ff03e9078762cca2822ceae059"},
    {file = "grpcio_tools-1.34.1-cp37-cp37m-macosx_10_10_x86_64.whl", hash = "sha256:cbb1111cf1085cb858bb486399f7be86797e18ca5c5c2c94b18c023ebeb5195e"},
    {file = "grpcio_tools-1.34.1-cp37-cp37m-manylinux2010_i686.whl", hash = "sha256:20d090f6bacb58122b9f25da2c4a110f60feee55102df2961757850f52d644d3"},
    {file = "grpcio_tools-1.34.1-cp37-cp37m-manylinux2010_x86_64.whl", hash = "sha256:253484952dcf746e6c1e196ce612c366ea49d2ad5931d2241f9867dbe2db9205"},
    {file = "grpcio_tools-1.34.1-cp37-cp37m-manylinux2014_i686.whl", hash = "sha256:7abbba3b92b95e139716401c6cf58c46a6fa4e2253790d7bd669b845bca59e1f"},
    {file = "grpcio_tools-1.34.1-cp37-cp37m-manylinux2014_x86_64.whl", hash = "sha256:ab09a234cec8187053b825e3be9683fb3d3047c2fd95ac18341a67225db023ad"},
    {file = "grpcio_tools-1.34.1-cp37-cp37m-win32.whl", hash = "sha256:f308d3125a5083d57a5f6c3bc0bb607b23909d421143fbb79cef3a11741b912a"},
    {file = "grpcio_tools-1.34.1-cp37-cp37m-win_amd64.whl", hash = "sha256:9c5ab921dd550a2c5d1f28fade28e16006311cdf68e3db9db2fc648bf0bd92e1"},
    {file = "grpcio_tools-1.34.1-cp38-cp38-macosx_10_10_x86_64.whl", hash = "sha256:d5211d2ec6a082bfe27a6b9ee66947c9e4c9aa33f91fd34537b07b7cde72b01e"},
    {file = "grpcio_tools-1.34.1-cp38-cp38-manylinux2010_i686.whl", hash = "sha256:a905e66e60dd3efd398e5e4f1035a943061e2d00cf822ad39f8f22b90c856ca3"},
    {file = "grpcio_tools-1.34.1-cp38-cp38-manylinux2010_x86_64.whl", hash = "sha256:2991134c19d3fb3f1159c89076f919269a24f76dd555b3cb3485da10f15d5b99"},
    {file = "grpcio_tools-1.34.1-cp38-cp38-manylinux2014_i686.whl", hash = "sha256:5e3c1f7ff8e32d2baaf13ae1aae52bbd09051e15eadf9d209000a2e70f9d05f1"},
    {file = "grpcio_tools-1.34.1-cp38-cp38-manylinux2014_x86_64.whl", hash = "sha256:45366f5db00949a57f6033f1810112b36ba0a9ce3e842d2d829093e894916615"},
    {file = "grpcio_tools-1.34.1-cp38-cp38-win32.whl", hash = "sha256:973c9f453ba5ef190b70f800c1bdec7e70c1e5831832fcd47dc88d375eab0136"},
    {file = "grpcio_tools-1.34.1-cp38-cp38-win_amd64.whl", hash = "sha256:906362306dcf9e9d31cd43a1f14ecadb92c6b8ad546f59842e326c886e6d5266"},
    {file = "grpcio_tools-1.34.1-cp39-cp39-macosx_10_10_x86_64.whl", hash = "sha256:ce0eba27637aaacb868229e58c87cb279f1319826ce9a87d9ecb51c8d64f0b5f"},
    {file = "grpcio_tools-1.34.1-cp39-cp39-manylinux2010_i686.whl", hash = "sha256:d62f90180b9443c14a689413934d74e8c19dff4485aeac55f9c136de33d8e90e"},
    {file = "grpcio_tools-1.34.1-cp39-cp39-manylinux2010_x86_64.whl", hash = "sha256:b08b631bdaf56ad23b270554700dc5da8617200af4aae2a629045a8c604c535b"},
    {file = "grpcio_tools-1.34.1-cp39-cp39-manylinux2014_i686.whl", hash = "sha256:b7e8d32d800a7c4a3081d0d52626748cb937a513b8410fcdfcf066c10609a711"},
    {file = "grpcio_tools-1.34.1-cp39-cp39-manylinux2014_x86_64.whl", hash = "sha256:af666d78c76dc213b0bbaf05a04ece13c997fc5a6129726f3a33b61fdb6faa47"},
    {file = "grpcio_tools-1.34.1-cp39-cp39-win32.whl", hash = "sha256:781ab05942d9e17ddf51cf2c8224a5cda78d74002b8750df2f09030ac882fa1c"},
    {file = "grpcio_tools-1.34.1-cp39-cp39-win_amd64.whl", hash = "sha256:dbc8861fdf38a8b748d7b22b91224d48d94fbdb781e7103dddd9be04d471fa76"},
]
more-itertools = [
    {file = "more-itertools-8.6.0.tar.gz", hash = "sha256:b3a9005928e5bed54076e6e549c792b306fddfe72b2d1d22dd63d42d5d3899cf"},
    {file = "more_itertools-8.6.0-py3-none-any.whl", hash = "sha256:8e1a2a43b2f2727425f2b5839587ae37093f19153dc26c0927d1048ff6557330"},
]
packaging = [
    {file = "packaging-20.8-py2.py3-none-any.whl", hash = "sha256:24e0da08660a87484d1602c30bb4902d74816b6985b93de36926f5bc95741858"},
    {file = "packaging-20.8.tar.gz", hash = "sha256:78598185a7008a470d64526a8059de9aaa449238f280fc9eb6b13ba6c4109093"},
]
pluggy = [
    {file = "pluggy-0.13.1-py2.py3-none-any.whl", hash = "sha256:966c145cd83c96502c3c3868f50408687b38434af77734af1e9ca461a4081d2d"},
    {file = "pluggy-0.13.1.tar.gz", hash = "sha256:15b2acde666561e1298d71b523007ed7364de07029219b604cf808bfa1c765b0"},
]
protobuf = [
    {file = "protobuf-3.14.0-cp27-cp27m-macosx_10_9_x86_64.whl", hash = "sha256:629b03fd3caae7f815b0c66b41273f6b1900a579e2ccb41ef4493a4f5fb84f3a"},
    {file = "protobuf-3.14.0-cp27-cp27mu-manylinux1_x86_64.whl", hash = "sha256:5b7a637212cc9b2bcf85dd828b1178d19efdf74dbfe1ddf8cd1b8e01fdaaa7f5"},
    {file = "protobuf-3.14.0-cp35-cp35m-macosx_10_9_intel.whl", hash = "sha256:43b554b9e73a07ba84ed6cf25db0ff88b1e06be610b37656e292e3cbb5437472"},
    {file = "protobuf-3.14.0-cp35-cp35m-manylinux1_x86_64.whl", hash = "sha256:5e9806a43232a1fa0c9cf5da8dc06f6910d53e4390be1fa06f06454d888a9142"},
    {file = "protobuf-3.14.0-cp35-cp35m-win32.whl", hash = "sha256:1c51fda1bbc9634246e7be6016d860be01747354ed7015ebe38acf4452f470d2"},
    {file = "protobuf-3.14.0-cp35-cp35m-win_amd64.whl", hash = "sha256:4b74301b30513b1a7494d3055d95c714b560fbb630d8fb9956b6f27992c9f980"},
    {file = "protobuf-3.14.0-cp36-cp36m-macosx_10_9_x86_64.whl", hash = "sha256:86a75477addde4918e9a1904e5c6af8d7b691f2a3f65587d73b16100fbe4c3b2"},
    {file = "protobuf-3.14.0-cp36-cp36m-manylinux1_x86_64.whl", hash = "sha256:ecc33531a213eee22ad60e0e2aaea6c8ba0021f0cce35dbf0ab03dee6e2a23a1"},
    {file = "protobuf-3.14.0-cp36-cp36m-win32.whl", hash = "sha256:72230ed56f026dd664c21d73c5db73ebba50d924d7ba6b7c0d81a121e390406e"},
    {file = "protobuf-3.14.0-cp36-cp36m-win_amd64.whl", hash = "sha256:0fc96785262042e4863b3f3b5c429d4636f10d90061e1840fce1baaf59b1a836"},
    {file = "protobuf-3.14.0-cp37-cp37m-macosx_10_9_x86_64.whl", hash = "sha256:4e75105c9dfe13719b7293f75bd53033108f4ba03d44e71db0ec2a0e8401eafd"},
    {file = "protobuf-3.14.0-cp37-cp37m-manylinux1_x86_64.whl", hash = "sha256:2a7e2fe101a7ace75e9327b9c946d247749e564a267b0515cf41dfe450b69bac"},
    {file = "protobuf-3.14.0-cp37-cp37m-win32.whl", hash = "sha256:b0d5d35faeb07e22a1ddf8dce620860c8fe145426c02d1a0ae2688c6e8ede36d"},
    {file = "protobuf-3.14.0-cp37-cp37m-win_amd64.whl", hash = "sha256:8971c421dbd7aad930c9bd2694122f332350b6ccb5202a8b7b06f3f1a5c41ed5"},
    {file = "protobuf-3.14.0-cp38-cp38-macosx_10_9_x86_64.whl", hash = "sha256:9616f0b65a30851e62f1713336c931fcd32c057202b7ff2cfbfca0fc7d5e3043"},
    {file = "protobuf-3.14.0-cp38-cp38-manylinux1_x86_64.whl", hash = "sha256:22bcd2e284b3b1d969c12e84dc9b9a71701ec82d8ce975fdda19712e1cfd4e00"},
    {file = "protobuf-3.14.0-py2.py3-none-any.whl", hash = "sha256:0e247612fadda953047f53301a7b0407cb0c3cb4ae25a6fde661597a04039b3c"},
    {file = "protobuf-3.14.0.tar.gz", hash = "sha256:1d63eb389347293d8915fb47bee0951c7b5dab522a4a60118b9a18f33e21f8ce"},
]
py = [
    {file = "py-1.10.0-py2.py3-none-any.whl", hash = "sha256:3b80836aa6d1feeaa108e046da6423ab8f6ceda6468545ae8d02d9d58d18818a"},
    {file = "py-1.10.0.tar.gz", hash = "sha256:21b81bda15b66ef5e1a777a21c4dcd9c20ad3efd0b3f817e7a809035269e1bd3"},
]
pyparsing = [
    {file = "pyparsing-2.4.7-py2.py3-none-any.whl", hash = "sha256:ef9d7589ef3c200abe66653d3f1ab1033c3c419ae9b9bdb1240a85b024efc88b"},
    {file = "pyparsing-2.4.7.tar.gz", hash = "sha256:c203ec8783bf771a155b207279b9bccb8dea02d8f0c9e5f8ead507bc3246ecc1"},
]
pytest = [
    {file = "pytest-5.4.3-py3-none-any.whl", hash = "sha256:5c0db86b698e8f170ba4582a492248919255fcd4c79b1ee64ace34301fb589a1"},
    {file = "pytest-5.4.3.tar.gz", hash = "sha256:7979331bfcba207414f5e1263b5a0f8f521d0f457318836a7355531ed1a4c7d8"},
]
six = [
    {file = "six-1.15.0-py2.py3-none-any.whl", hash = "sha256:8b74bedcbbbaca38ff6d7491d76f2b06b3592611af620f8426e82dddb04a5ced"},
    {file = "six-1.15.0.tar.gz", hash = "sha256:30639c035cdb23534cd4aa2dd52c3bf48f06e5f4a941509c8bafd8ce11080259"},
]
wcwidth = [
    {file = "wcwidth-0.2.5-py2.py3-none-any.whl", hash = "sha256:beb4802a9cebb9144e99086eff703a642a13d6a0052920003a230f3294bbe784"},
    {file = "wcwidth-0.2.5.tar.gz", hash = "sha256:c4d647b99872929fdb7bdcaa4fbe7f01413ed3d98077df798530e5b04f116c83"},
]
